// !$*UTF8*$!
{
	archiveVersion = 1;
	classes = {
	};
	objectVersion = 56;
	objects = {

/* Begin PBXBuildFile section */
		6EF61CB728E8CCC20021EECB /* decoder_bug_iosApp.swift in Sources */ = {isa = PBXBuildFile; fileRef = 6EF61CB628E8CCC20021EECB /* decoder_bug_iosApp.swift */; };
		6EF61CB928E8CCC20021EECB /* ContentView.swift in Sources */ = {isa = PBXBuildFile; fileRef = 6EF61CB828E8CCC20021EECB /* ContentView.swift */; };
		6EF61CBB28E8CCC30021EECB /* Assets.xcassets in Resources */ = {isa = PBXBuildFile; fileRef = 6EF61CBA28E8CCC30021EECB /* Assets.xcassets */; };
		6EF61CBE28E8CCC30021EECB /* Preview Assets.xcassets in Resources */ = {isa = PBXBuildFile; fileRef = 6EF61CBD28E8CCC30021EECB /* Preview Assets.xcassets */; };
		6EF61CC828E8CCC30021EECB /* decoder_bug_iosTests.swift in Sources */ = {isa = PBXBuildFile; fileRef = 6EF61CC728E8CCC30021EECB /* decoder_bug_iosTests.swift */; };
		6EF61CD228E8CCC30021EECB /* decoder_bug_iosUITests.swift in Sources */ = {isa = PBXBuildFile; fileRef = 6EF61CD128E8CCC30021EECB /* decoder_bug_iosUITests.swift */; };
		6EF61CD428E8CCC30021EECB /* decoder_bug_iosUITestsLaunchTests.swift in Sources */ = {isa = PBXBuildFile; fileRef = 6EF61CD328E8CCC30021EECB /* decoder_bug_iosUITestsLaunchTests.swift */; };
		6EF61CE228E8CCFF0021EECB /* PhoenixLiveViewNative in Frameworks */ = {isa = PBXBuildFile; productRef = 6EF61CE128E8CCFF0021EECB /* PhoenixLiveViewNative */; };
/* End PBXBuildFile section */

/* Begin PBXContainerItemProxy section */
		6EF61CC428E8CCC30021EECB /* PBXContainerItemProxy */ = {
			isa = PBXContainerItemProxy;
			containerPortal = 6EF61CAB28E8CCC20021EECB /* Project object */;
			proxyType = 1;
			remoteGlobalIDString = 6EF61CB228E8CCC20021EECB;
			remoteInfo = decoder_bug_ios;
		};
		6EF61CCE28E8CCC30021EECB /* PBXContainerItemProxy */ = {
			isa = PBXContainerItemProxy;
			containerPortal = 6EF61CAB28E8CCC20021EECB /* Project object */;
			proxyType = 1;
			remoteGlobalIDString = 6EF61CB228E8CCC20021EECB;
			remoteInfo = decoder_bug_ios;
		};
/* End PBXContainerItemProxy section */

/* Begin PBXFileReference section */
		6EF61CB328E8CCC20021EECB /* decoder_bug_ios.app */ = {isa = PBXFileReference; explicitFileType = wrapper.application; includeInIndex = 0; path = decoder_bug_ios.app; sourceTree = BUILT_PRODUCTS_DIR; };
		6EF61CB628E8CCC20021EECB /* decoder_bug_iosApp.swift */ = {isa = PBXFileReference; lastKnownFileType = sourcecode.swift; path = decoder_bug_iosApp.swift; sourceTree = "<group>"; };
		6EF61CB828E8CCC20021EECB /* ContentView.swift */ = {isa = PBXFileReference; lastKnownFileType = sourcecode.swift; path = ContentView.swift; sourceTree = "<group>"; };
		6EF61CBA28E8CCC30021EECB /* Assets.xcassets */ = {isa = PBXFileReference; lastKnownFileType = folder.assetcatalog; path = Assets.xcassets; sourceTree = "<group>"; };
		6EF61CBD28E8CCC30021EECB /* Preview Assets.xcassets */ = {isa = PBXFileReference; lastKnownFileType = folder.assetcatalog; path = "Preview Assets.xcassets"; sourceTree = "<group>"; };
		6EF61CC328E8CCC30021EECB /* decoder_bug_iosTests.xctest */ = {isa = PBXFileReference; explicitFileType = wrapper.cfbundle; includeInIndex = 0; path = decoder_bug_iosTests.xctest; sourceTree = BUILT_PRODUCTS_DIR; };
		6EF61CC728E8CCC30021EECB /* decoder_bug_iosTests.swift */ = {isa = PBXFileReference; lastKnownFileType = sourcecode.swift; path = decoder_bug_iosTests.swift; sourceTree = "<group>"; };
		6EF61CCD28E8CCC30021EECB /* decoder_bug_iosUITests.xctest */ = {isa = PBXFileReference; explicitFileType = wrapper.cfbundle; includeInIndex = 0; path = decoder_bug_iosUITests.xctest; sourceTree = BUILT_PRODUCTS_DIR; };
		6EF61CD128E8CCC30021EECB /* decoder_bug_iosUITests.swift */ = {isa = PBXFileReference; lastKnownFileType = sourcecode.swift; path = decoder_bug_iosUITests.swift; sourceTree = "<group>"; };
		6EF61CD328E8CCC30021EECB /* decoder_bug_iosUITestsLaunchTests.swift */ = {isa = PBXFileReference; lastKnownFileType = sourcecode.swift; path = decoder_bug_iosUITestsLaunchTests.swift; sourceTree = "<group>"; };
/* End PBXFileReference section */

/* Begin PBXFrameworksBuildPhase section */
		6EF61CB028E8CCC20021EECB /* Frameworks */ = {
			isa = PBXFrameworksBuildPhase;
			buildActionMask = 2147483647;
			files = (
				6EF61CE228E8CCFF0021EECB /* PhoenixLiveViewNative in Frameworks */,
			);
			runOnlyForDeploymentPostprocessing = 0;
		};
		6EF61CC028E8CCC30021EECB /* Frameworks */ = {
			isa = PBXFrameworksBuildPhase;
			buildActionMask = 2147483647;
			files = (
			);
			runOnlyForDeploymentPostprocessing = 0;
		};
		6EF61CCA28E8CCC30021EECB /* Frameworks */ = {
			isa = PBXFrameworksBuildPhase;
			buildActionMask = 2147483647;
			files = (
			);
			runOnlyForDeploymentPostprocessing = 0;
		};
/* End PBXFrameworksBuildPhase section */

/* Begin PBXGroup section */
		6EF61CAA28E8CCC20021EECB = {
			isa = PBXGroup;
			children = (
				6EF61CB528E8CCC20021EECB /* decoder_bug_ios */,
				6EF61CC628E8CCC30021EECB /* decoder_bug_iosTests */,
				6EF61CD028E8CCC30021EECB /* decoder_bug_iosUITests */,
				6EF61CB428E8CCC20021EECB /* Products */,
			);
			sourceTree = "<group>";
		};
		6EF61CB428E8CCC20021EECB /* Products */ = {
			isa = PBXGroup;
			children = (
				6EF61CB328E8CCC20021EECB /* decoder_bug_ios.app */,
				6EF61CC328E8CCC30021EECB /* decoder_bug_iosTests.xctest */,
				6EF61CCD28E8CCC30021EECB /* decoder_bug_iosUITests.xctest */,
			);
			name = Products;
			sourceTree = "<group>";
		};
		6EF61CB528E8CCC20021EECB /* decoder_bug_ios */ = {
			isa = PBXGroup;
			children = (
				6EF61CB628E8CCC20021EECB /* decoder_bug_iosApp.swift */,
				6EF61CB828E8CCC20021EECB /* ContentView.swift */,
				6EF61CBA28E8CCC30021EECB /* Assets.xcassets */,
				6EF61CBC28E8CCC30021EECB /* Preview Content */,
			);
			path = decoder_bug_ios;
			sourceTree = "<group>";
		};
		6EF61CBC28E8CCC30021EECB /* Preview Content */ = {
			isa = PBXGroup;
			children = (
				6EF61CBD28E8CCC30021EECB /* Preview Assets.xcassets */,
			);
			path = "Preview Content";
			sourceTree = "<group>";
		};
		6EF61CC628E8CCC30021EECB /* decoder_bug_iosTests */ = {
			isa = PBXGroup;
			children = (
				6EF61CC728E8CCC30021EECB /* decoder_bug_iosTests.swift */,
			);
			path = decoder_bug_iosTests;
			sourceTree = "<group>";
		};
		6EF61CD028E8CCC30021EECB /* decoder_bug_iosUITests */ = {
			isa = PBXGroup;
			children = (
				6EF61CD128E8CCC30021EECB /* decoder_bug_iosUITests.swift */,
				6EF61CD328E8CCC30021EECB /* decoder_bug_iosUITestsLaunchTests.swift */,
			);
			path = decoder_bug_iosUITests;
			sourceTree = "<group>";
		};
/* End PBXGroup section */

/* Begin PBXNativeTarget section */
		6EF61CB228E8CCC20021EECB /* decoder_bug_ios */ = {
			isa = PBXNativeTarget;
			buildConfigurationList = 6EF61CD728E8CCC30021EECB /* Build configuration list for PBXNativeTarget "decoder_bug_ios" */;
			buildPhases = (
				6EF61CAF28E8CCC20021EECB /* Sources */,
				6EF61CB028E8CCC20021EECB /* Frameworks */,
				6EF61CB128E8CCC20021EECB /* Resources */,
			);
			buildRules = (
			);
			dependencies = (
			);
			name = decoder_bug_ios;
			packageProductDependencies = (
				6EF61CE128E8CCFF0021EECB /* PhoenixLiveViewNative */,
			);
			productName = decoder_bug_ios;
			productReference = 6EF61CB328E8CCC20021EECB /* decoder_bug_ios.app */;
			productType = "com.apple.product-type.application";
		};
		6EF61CC228E8CCC30021EECB /* decoder_bug_iosTests */ = {
			isa = PBXNativeTarget;
			buildConfigurationList = 6EF61CDA28E8CCC30021EECB /* Build configuration list for PBXNativeTarget "decoder_bug_iosTests" */;
			buildPhases = (
				6EF61CBF28E8CCC30021EECB /* Sources */,
				6EF61CC028E8CCC30021EECB /* Frameworks */,
				6EF61CC128E8CCC30021EECB /* Resources */,
			);
			buildRules = (
			);
			dependencies = (
				6EF61CC528E8CCC30021EECB /* PBXTargetDependency */,
			);
			name = decoder_bug_iosTests;
			productName = decoder_bug_iosTests;
			productReference = 6EF61CC328E8CCC30021EECB /* decoder_bug_iosTests.xctest */;
			productType = "com.apple.product-type.bundle.unit-test";
		};
		6EF61CCC28E8CCC30021EECB /* decoder_bug_iosUITests */ = {
			isa = PBXNativeTarget;
			buildConfigurationList = 6EF61CDD28E8CCC30021EECB /* Build configuration list for PBXNativeTarget "decoder_bug_iosUITests" */;
			buildPhases = (
				6EF61CC928E8CCC30021EECB /* Sources */,
				6EF61CCA28E8CCC30021EECB /* Frameworks */,
				6EF61CCB28E8CCC30021EECB /* Resources */,
			);
			buildRules = (
			);
			dependencies = (
				6EF61CCF28E8CCC30021EECB /* PBXTargetDependency */,
			);
			name = decoder_bug_iosUITests;
			productName = decoder_bug_iosUITests;
			productReference = 6EF61CCD28E8CCC30021EECB /* decoder_bug_iosUITests.xctest */;
			productType = "com.apple.product-type.bundle.ui-testing";
		};
/* End PBXNativeTarget section */

/* Begin PBXProject section */
		6EF61CAB28E8CCC20021EECB /* Project object */ = {
			isa = PBXProject;
			attributes = {
				BuildIndependentTargetsInParallel = 1;
				LastSwiftUpdateCheck = 1400;
				LastUpgradeCheck = 1400;
				TargetAttributes = {
					6EF61CB228E8CCC20021EECB = {
						CreatedOnToolsVersion = 14.0.1;
					};
					6EF61CC228E8CCC30021EECB = {
						CreatedOnToolsVersion = 14.0.1;
						TestTargetID = 6EF61CB228E8CCC20021EECB;
					};
					6EF61CCC28E8CCC30021EECB = {
						CreatedOnToolsVersion = 14.0.1;
						TestTargetID = 6EF61CB228E8CCC20021EECB;
					};
				};
			};
			buildConfigurationList = 6EF61CAE28E8CCC20021EECB /* Build configuration list for PBXProject "decoder_bug_ios" */;
			compatibilityVersion = "Xcode 14.0";
			developmentRegion = en;
			hasScannedForEncodings = 0;
			knownRegions = (
				en,
				Base,
			);
			mainGroup = 6EF61CAA28E8CCC20021EECB;
			packageReferences = (
				6EF61CE028E8CCFF0021EECB /* XCRemoteSwiftPackageReference "liveview-client-swiftui" */,
			);
			productRefGroup = 6EF61CB428E8CCC20021EECB /* Products */;
			projectDirPath = "";
			projectRoot = "";
			targets = (
				6EF61CB228E8CCC20021EECB /* decoder_bug_ios */,
				6EF61CC228E8CCC30021EECB /* decoder_bug_iosTests */,
				6EF61CCC28E8CCC30021EECB /* decoder_bug_iosUITests */,
			);
		};
/* End PBXProject section */

/* Begin PBXResourcesBuildPhase section */
		6EF61CB128E8CCC20021EECB /* Resources */ = {
			isa = PBXResourcesBuildPhase;
			buildActionMask = 2147483647;
			files = (
				6EF61CBE28E8CCC30021EECB /* Preview Assets.xcassets in Resources */,
				6EF61CBB28E8CCC30021EECB /* Assets.xcassets in Resources */,
			);
			runOnlyForDeploymentPostprocessing = 0;
		};
		6EF61CC128E8CCC30021EECB /* Resources */ = {
			isa = PBXResourcesBuildPhase;
			buildActionMask = 2147483647;
			files = (
			);
			runOnlyForDeploymentPostprocessing = 0;
		};
		6EF61CCB28E8CCC30021EECB /* Resources */ = {
			isa = PBXResourcesBuildPhase;
			buildActionMask = 2147483647;
			files = (
			);
			runOnlyForDeploymentPostprocessing = 0;
		};
/* End PBXResourcesBuildPhase section */

/* Begin PBXSourcesBuildPhase section */
		6EF61CAF28E8CCC20021EECB /* Sources */ = {
			isa = PBXSourcesBuildPhase;
			buildActionMask = 2147483647;
			files = (
				6EF61CB928E8CCC20021EECB /* ContentView.swift in Sources */,
				6EF61CB728E8CCC20021EECB /* decoder_bug_iosApp.swift in Sources */,
			);
			runOnlyForDeploymentPostprocessing = 0;
		};
		6EF61CBF28E8CCC30021EECB /* Sources */ = {
			isa = PBXSourcesBuildPhase;
			buildActionMask = 2147483647;
			files = (
				6EF61CC828E8CCC30021EECB /* decoder_bug_iosTests.swift in Sources */,
			);
			runOnlyForDeploymentPostprocessing = 0;
		};
		6EF61CC928E8CCC30021EECB /* Sources */ = {
			isa = PBXSourcesBuildPhase;
			buildActionMask = 2147483647;
			files = (
				6EF61CD428E8CCC30021EECB /* decoder_bug_iosUITestsLaunchTests.swift in Sources */,
				6EF61CD228E8CCC30021EECB /* decoder_bug_iosUITests.swift in Sources */,
			);
			runOnlyForDeploymentPostprocessing = 0;
		};
/* End PBXSourcesBuildPhase section */

/* Begin PBXTargetDependency section */
		6EF61CC528E8CCC30021EECB /* PBXTargetDependency */ = {
			isa = PBXTargetDependency;
			target = 6EF61CB228E8CCC20021EECB /* decoder_bug_ios */;
			targetProxy = 6EF61CC428E8CCC30021EECB /* PBXContainerItemProxy */;
		};
		6EF61CCF28E8CCC30021EECB /* PBXTargetDependency */ = {
			isa = PBXTargetDependency;
			target = 6EF61CB228E8CCC20021EECB /* decoder_bug_ios */;
			targetProxy = 6EF61CCE28E8CCC30021EECB /* PBXContainerItemProxy */;
		};
/* End PBXTargetDependency section */

/* Begin XCBuildConfiguration section */
		6EF61CD528E8CCC30021EECB /* Debug */ = {
			isa = XCBuildConfiguration;
			buildSettings = {
				ALWAYS_SEARCH_USER_PATHS = NO;
				CLANG_ANALYZER_NONNULL = YES;
				CLANG_ANALYZER_NUMBER_OBJECT_CONVERSION = YES_AGGRESSIVE;
				CLANG_CXX_LANGUAGE_STANDARD = "gnu++20";
				CLANG_ENABLE_MODULES = YES;
				CLANG_ENABLE_OBJC_ARC = YES;
				CLANG_ENABLE_OBJC_WEAK = YES;
				CLANG_WARN_BLOCK_CAPTURE_AUTORELEASING = YES;
				CLANG_WARN_BOOL_CONVERSION = YES;
				CLANG_WARN_COMMA = YES;
				CLANG_WARN_CONSTANT_CONVERSION = YES;
				CLANG_WARN_DEPRECATED_OBJC_IMPLEMENTATIONS = YES;
				CLANG_WARN_DIRECT_OBJC_ISA_USAGE = YES_ERROR;
				CLANG_WARN_DOCUMENTATION_COMMENTS = YES;
				CLANG_WARN_EMPTY_BODY = YES;
				CLANG_WARN_ENUM_CONVERSION = YES;
				CLANG_WARN_INFINITE_RECURSION = YES;
				CLANG_WARN_INT_CONVERSION = YES;
				CLANG_WARN_NON_LITERAL_NULL_CONVERSION = YES;
				CLANG_WARN_OBJC_IMPLICIT_RETAIN_SELF = YES;
				CLANG_WARN_OBJC_LITERAL_CONVERSION = YES;
				CLANG_WARN_OBJC_ROOT_CLASS = YES_ERROR;
				CLANG_WARN_QUOTED_INCLUDE_IN_FRAMEWORK_HEADER = YES;
				CLANG_WARN_RANGE_LOOP_ANALYSIS = YES;
				CLANG_WARN_STRICT_PROTOTYPES = YES;
				CLANG_WARN_SUSPICIOUS_MOVE = YES;
				CLANG_WARN_UNGUARDED_AVAILABILITY = YES_AGGRESSIVE;
				CLANG_WARN_UNREACHABLE_CODE = YES;
				CLANG_WARN__DUPLICATE_METHOD_MATCH = YES;
				COPY_PHASE_STRIP = NO;
				DEBUG_INFORMATION_FORMAT = dwarf;
				ENABLE_STRICT_OBJC_MSGSEND = YES;
				ENABLE_TESTABILITY = YES;
				GCC_C_LANGUAGE_STANDARD = gnu11;
				GCC_DYNAMIC_NO_PIC = NO;
				GCC_NO_COMMON_BLOCKS = YES;
				GCC_OPTIMIZATION_LEVEL = 0;
				GCC_PREPROCESSOR_DEFINITIONS = (
					"DEBUG=1",
					"$(inherited)",
				);
				GCC_WARN_64_TO_32_BIT_CONVERSION = YES;
				GCC_WARN_ABOUT_RETURN_TYPE = YES_ERROR;
				GCC_WARN_UNDECLARED_SELECTOR = YES;
				GCC_WARN_UNINITIALIZED_AUTOS = YES_AGGRESSIVE;
				GCC_WARN_UNUSED_FUNCTION = YES;
				GCC_WARN_UNUSED_VARIABLE = YES;
				IPHONEOS_DEPLOYMENT_TARGET = 16.0;
				MTL_ENABLE_DEBUG_INFO = INCLUDE_SOURCE;
				MTL_FAST_MATH = YES;
				ONLY_ACTIVE_ARCH = YES;
				SDKROOT = iphoneos;
				SWIFT_ACTIVE_COMPILATION_CONDITIONS = DEBUG;
				SWIFT_OPTIMIZATION_LEVEL = "-Onone";
			};
			name = Debug;
		};
		6EF61CD628E8CCC30021EECB /* Release */ = {
			isa = XCBuildConfiguration;
			buildSettings = {
				ALWAYS_SEARCH_USER_PATHS = NO;
				CLANG_ANALYZER_NONNULL = YES;
				CLANG_ANALYZER_NUMBER_OBJECT_CONVERSION = YES_AGGRESSIVE;
				CLANG_CXX_LANGUAGE_STANDARD = "gnu++20";
				CLANG_ENABLE_MODULES = YES;
				CLANG_ENABLE_OBJC_ARC = YES;
				CLANG_ENABLE_OBJC_WEAK = YES;
				CLANG_WARN_BLOCK_CAPTURE_AUTORELEASING = YES;
				CLANG_WARN_BOOL_CONVERSION = YES;
				CLANG_WARN_COMMA = YES;
				CLANG_WARN_CONSTANT_CONVERSION = YES;
				CLANG_WARN_DEPRECATED_OBJC_IMPLEMENTATIONS = YES;
				CLANG_WARN_DIRECT_OBJC_ISA_USAGE = YES_ERROR;
				CLANG_WARN_DOCUMENTATION_COMMENTS = YES;
				CLANG_WARN_EMPTY_BODY = YES;
				CLANG_WARN_ENUM_CONVERSION = YES;
				CLANG_WARN_INFINITE_RECURSION = YES;
				CLANG_WARN_INT_CONVERSION = YES;
				CLANG_WARN_NON_LITERAL_NULL_CONVERSION = YES;
				CLANG_WARN_OBJC_IMPLICIT_RETAIN_SELF = YES;
				CLANG_WARN_OBJC_LITERAL_CONVERSION = YES;
				CLANG_WARN_OBJC_ROOT_CLASS = YES_ERROR;
				CLANG_WARN_QUOTED_INCLUDE_IN_FRAMEWORK_HEADER = YES;
				CLANG_WARN_RANGE_LOOP_ANALYSIS = YES;
				CLANG_WARN_STRICT_PROTOTYPES = YES;
				CLANG_WARN_SUSPICIOUS_MOVE = YES;
				CLANG_WARN_UNGUARDED_AVAILABILITY = YES_AGGRESSIVE;
				CLANG_WARN_UNREACHABLE_CODE = YES;
				CLANG_WARN__DUPLICATE_METHOD_MATCH = YES;
				COPY_PHASE_STRIP = NO;
				DEBUG_INFORMATION_FORMAT = "dwarf-with-dsym";
				ENABLE_NS_ASSERTIONS = NO;
				ENABLE_STRICT_OBJC_MSGSEND = YES;
				GCC_C_LANGUAGE_STANDARD = gnu11;
				GCC_NO_COMMON_BLOCKS = YES;
				GCC_WARN_64_TO_32_BIT_CONVERSION = YES;
				GCC_WARN_ABOUT_RETURN_TYPE = YES_ERROR;
				GCC_WARN_UNDECLARED_SELECTOR = YES;
				GCC_WARN_UNINITIALIZED_AUTOS = YES_AGGRESSIVE;
				GCC_WARN_UNUSED_FUNCTION = YES;
				GCC_WARN_UNUSED_VARIABLE = YES;
				IPHONEOS_DEPLOYMENT_TARGET = 16.0;
				MTL_ENABLE_DEBUG_INFO = NO;
				MTL_FAST_MATH = YES;
				SDKROOT = iphoneos;
				SWIFT_COMPILATION_MODE = wholemodule;
				SWIFT_OPTIMIZATION_LEVEL = "-O";
				VALIDATE_PRODUCT = YES;
			};
			name = Release;
		};
		6EF61CD828E8CCC30021EECB /* Debug */ = {
			isa = XCBuildConfiguration;
			buildSettings = {
				ASSETCATALOG_COMPILER_APPICON_NAME = AppIcon;
				ASSETCATALOG_COMPILER_GLOBAL_ACCENT_COLOR_NAME = AccentColor;
				CODE_SIGN_STYLE = Automatic;
				CURRENT_PROJECT_VERSION = 1;
				DEVELOPMENT_ASSET_PATHS = "\"decoder_bug_ios/Preview Content\"";
				DEVELOPMENT_TEAM = QJ6X5XR6RC;
				ENABLE_PREVIEWS = YES;
				GENERATE_INFOPLIST_FILE = YES;
				INFOPLIST_KEY_UIApplicationSceneManifest_Generation = YES;
				INFOPLIST_KEY_UIApplicationSupportsIndirectInputEvents = YES;
				INFOPLIST_KEY_UILaunchScreen_Generation = YES;
				INFOPLIST_KEY_UISupportedInterfaceOrientations_iPad = "UIInterfaceOrientationPortrait UIInterfaceOrientationPortraitUpsideDown UIInterfaceOrientationLandscapeLeft UIInterfaceOrientationLandscapeRight";
				INFOPLIST_KEY_UISupportedInterfaceOrientations_iPhone = "UIInterfaceOrientationPortrait UIInterfaceOrientationLandscapeLeft UIInterfaceOrientationLandscapeRight";
				LD_RUNPATH_SEARCH_PATHS = (
					"$(inherited)",
					"@executable_path/Frameworks",
				);
				MARKETING_VERSION = 1.0;
				PRODUCT_BUNDLE_IDENTIFIER = "MClarkConsulting.decoder-bug-ios";
				PRODUCT_NAME = "$(TARGET_NAME)";
				SWIFT_EMIT_LOC_STRINGS = YES;
				SWIFT_VERSION = 5.0;
				TARGETED_DEVICE_FAMILY = "1,2";
			};
			name = Debug;
		};
		6EF61CD928E8CCC30021EECB /* Release */ = {
			isa = XCBuildConfiguration;
			buildSettings = {
				ASSETCATALOG_COMPILER_APPICON_NAME = AppIcon;
				ASSETCATALOG_COMPILER_GLOBAL_ACCENT_COLOR_NAME = AccentColor;
				CODE_SIGN_STYLE = Automatic;
				CURRENT_PROJECT_VERSION = 1;
				DEVELOPMENT_ASSET_PATHS = "\"decoder_bug_ios/Preview Content\"";
				DEVELOPMENT_TEAM = QJ6X5XR6RC;
				ENABLE_PREVIEWS = YES;
				GENERATE_INFOPLIST_FILE = YES;
				INFOPLIST_KEY_UIApplicationSceneManifest_Generation = YES;
				INFOPLIST_KEY_UIApplicationSupportsIndirectInputEvents = YES;
				INFOPLIST_KEY_UILaunchScreen_Generation = YES;
				INFOPLIST_KEY_UISupportedInterfaceOrientations_iPad = "UIInterfaceOrientationPortrait UIInterfaceOrientationPortraitUpsideDown UIInterfaceOrientationLandscapeLeft UIInterfaceOrientationLandscapeRight";
				INFOPLIST_KEY_UISupportedInterfaceOrientations_iPhone = "UIInterfaceOrientationPortrait UIInterfaceOrientationLandscapeLeft UIInterfaceOrientationLandscapeRight";
				LD_RUNPATH_SEARCH_PATHS = (
					"$(inherited)",
					"@executable_path/Frameworks",
				);
				MARKETING_VERSION = 1.0;
				PRODUCT_BUNDLE_IDENTIFIER = "MClarkConsulting.decoder-bug-ios";
				PRODUCT_NAME = "$(TARGET_NAME)";
				SWIFT_EMIT_LOC_STRINGS = YES;
				SWIFT_VERSION = 5.0;
				TARGETED_DEVICE_FAMILY = "1,2";
			};
			name = Release;
		};
		6EF61CDB28E8CCC30021EECB /* Debug */ = {
			isa = XCBuildConfiguration;
			buildSettings = {
				ALWAYS_EMBED_SWIFT_STANDARD_LIBRARIES = YES;
				BUNDLE_LOADER = "$(TEST_HOST)";
				CODE_SIGN_STYLE = Automatic;
				CURRENT_PROJECT_VERSION = 1;
				DEVELOPMENT_TEAM = QJ6X5XR6RC;
				GENERATE_INFOPLIST_FILE = YES;
				IPHONEOS_DEPLOYMENT_TARGET = 16.0;
				MARKETING_VERSION = 1.0;
				PRODUCT_BUNDLE_IDENTIFIER = "MClarkConsulting.decoder-bug-iosTests";
				PRODUCT_NAME = "$(TARGET_NAME)";
				SWIFT_EMIT_LOC_STRINGS = NO;
				SWIFT_VERSION = 5.0;
				TARGETED_DEVICE_FAMILY = "1,2";
				TEST_HOST = "$(BUILT_PRODUCTS_DIR)/decoder_bug_ios.app/$(BUNDLE_EXECUTABLE_FOLDER_PATH)/decoder_bug_ios";
			};
			name = Debug;
		};
		6EF61CDC28E8CCC30021EECB /* Release */ = {
			isa = XCBuildConfiguration;
			buildSettings = {
				ALWAYS_EMBED_SWIFT_STANDARD_LIBRARIES = YES;
				BUNDLE_LOADER = "$(TEST_HOST)";
				CODE_SIGN_STYLE = Automatic;
				CURRENT_PROJECT_VERSION = 1;
				DEVELOPMENT_TEAM = QJ6X5XR6RC;
				GENERATE_INFOPLIST_FILE = YES;
				IPHONEOS_DEPLOYMENT_TARGET = 16.0;
				MARKETING_VERSION = 1.0;
				PRODUCT_BUNDLE_IDENTIFIER = "MClarkConsulting.decoder-bug-iosTests";
				PRODUCT_NAME = "$(TARGET_NAME)";
				SWIFT_EMIT_LOC_STRINGS = NO;
				SWIFT_VERSION = 5.0;
				TARGETED_DEVICE_FAMILY = "1,2";
				TEST_HOST = "$(BUILT_PRODUCTS_DIR)/decoder_bug_ios.app/$(BUNDLE_EXECUTABLE_FOLDER_PATH)/decoder_bug_ios";
			};
			name = Release;
		};
		6EF61CDE28E8CCC30021EECB /* Debug */ = {
			isa = XCBuildConfiguration;
			buildSettings = {
				ALWAYS_EMBED_SWIFT_STANDARD_LIBRARIES = YES;
				CODE_SIGN_STYLE = Automatic;
				CURRENT_PROJECT_VERSION = 1;
				DEVELOPMENT_TEAM = QJ6X5XR6RC;
				GENERATE_INFOPLIST_FILE = YES;
				MARKETING_VERSION = 1.0;
				PRODUCT_BUNDLE_IDENTIFIER = "MClarkConsulting.decoder-bug-iosUITests";
				PRODUCT_NAME = "$(TARGET_NAME)";
				SWIFT_EMIT_LOC_STRINGS = NO;
				SWIFT_VERSION = 5.0;
				TARGETED_DEVICE_FAMILY = "1,2";
				TEST_TARGET_NAME = decoder_bug_ios;
			};
			name = Debug;
		};
		6EF61CDF28E8CCC30021EECB /* Release */ = {
			isa = XCBuildConfiguration;
			buildSettings = {
				ALWAYS_EMBED_SWIFT_STANDARD_LIBRARIES = YES;
				CODE_SIGN_STYLE = Automatic;
				CURRENT_PROJECT_VERSION = 1;
				DEVELOPMENT_TEAM = QJ6X5XR6RC;
				GENERATE_INFOPLIST_FILE = YES;
				MARKETING_VERSION = 1.0;
				PRODUCT_BUNDLE_IDENTIFIER = "MClarkConsulting.decoder-bug-iosUITests";
				PRODUCT_NAME = "$(TARGET_NAME)";
				SWIFT_EMIT_LOC_STRINGS = NO;
				SWIFT_VERSION = 5.0;
				TARGETED_DEVICE_FAMILY = "1,2";
				TEST_TARGET_NAME = decoder_bug_ios;
			};
			name = Release;
		};
/* End XCBuildConfiguration section */

/* Begin XCConfigurationList section */
		6EF61CAE28E8CCC20021EECB /* Build configuration list for PBXProject "decoder_bug_ios" */ = {
			isa = XCConfigurationList;
			buildConfigurations = (
				6EF61CD528E8CCC30021EECB /* Debug */,
				6EF61CD628E8CCC30021EECB /* Release */,
			);
			defaultConfigurationIsVisible = 0;
			defaultConfigurationName = Release;
		};
		6EF61CD728E8CCC30021EECB /* Build configuration list for PBXNativeTarget "decoder_bug_ios" */ = {
			isa = XCConfigurationList;
			buildConfigurations = (
				6EF61CD828E8CCC30021EECB /* Debug */,
				6EF61CD928E8CCC30021EECB /* Release */,
			);
			defaultConfigurationIsVisible = 0;
			defaultConfigurationName = Release;
		};
		6EF61CDA28E8CCC30021EECB /* Build configuration list for PBXNativeTarget "decoder_bug_iosTests" */ = {
			isa = XCConfigurationList;
			buildConfigurations = (
				6EF61CDB28E8CCC30021EECB /* Debug */,
				6EF61CDC28E8CCC30021EECB /* Release */,
			);
			defaultConfigurationIsVisible = 0;
			defaultConfigurationName = Release;
		};
		6EF61CDD28E8CCC30021EECB /* Build configuration list for PBXNativeTarget "decoder_bug_iosUITests" */ = {
			isa = XCConfigurationList;
			buildConfigurations = (
				6EF61CDE28E8CCC30021EECB /* Debug */,
				6EF61CDF28E8CCC30021EECB /* Release */,
			);
			defaultConfigurationIsVisible = 0;
			defaultConfigurationName = Release;
		};
/* End XCConfigurationList section */

/* Begin XCRemoteSwiftPackageReference section */
		6EF61CE028E8CCFF0021EECB /* XCRemoteSwiftPackageReference "liveview-client-swiftui" */ = {
			isa = XCRemoteSwiftPackageReference;
			repositoryURL = "https://github.com/liveviewnative/liveview-client-swiftui";
			requirement = {
				branch = master;
				kind = branch;
			};
		};
/* End XCRemoteSwiftPackageReference section */

/* Begin XCSwiftPackageProductDependency section */
		6EF61CE128E8CCFF0021EECB /* PhoenixLiveViewNative */ = {
			isa = XCSwiftPackageProductDependency;
			package = 6EF61CE028E8CCFF0021EECB /* XCRemoteSwiftPackageReference "liveview-client-swiftui" */;
			productName = PhoenixLiveViewNative;
		};
/* End XCSwiftPackageProductDependency section */
	};
	rootObject = 6EF61CAB28E8CCC20021EECB /* Project object */;
}
